// !$*UTF8*$!
{
	archiveVersion = 1;
	classes = {
	};
	objectVersion = 50;
	objects = {

/* Begin PBXBuildFile section */
		66A5BCB10D0FDD302C864F51 /* libPods-ELKParallel-master.a in Frameworks */ = {isa = PBXBuildFile; fileRef = C508514479CAE37F201AB4D1 /* libPods-ELKParallel-master.a */; };
		AB7CC3E82434733F00D7036E /* AppDelegate.m in Sources */ = {isa = PBXBuildFile; fileRef = AB7CC3E72434733F00D7036E /* AppDelegate.m */; };
		AB7CC3EE2434733F00D7036E /* ViewController.m in Sources */ = {isa = PBXBuildFile; fileRef = AB7CC3ED2434733F00D7036E /* ViewController.m */; };
		AB7CC3F12434733F00D7036E /* Main.storyboard in Resources */ = {isa = PBXBuildFile; fileRef = AB7CC3EF2434733F00D7036E /* Main.storyboard */; };
		AB7CC3F32434734000D7036E /* Assets.xcassets in Resources */ = {isa = PBXBuildFile; fileRef = AB7CC3F22434734000D7036E /* Assets.xcassets */; };
		AB7CC3F62434734000D7036E /* LaunchScreen.storyboard in Resources */ = {isa = PBXBuildFile; fileRef = AB7CC3F42434734000D7036E /* LaunchScreen.storyboard */; };
		AB7CC3F92434734000D7036E /* main.m in Sources */ = {isa = PBXBuildFile; fileRef = AB7CC3F82434734000D7036E /* main.m */; };
		AB7CC4032434734100D7036E /* ELKParallel_masterTests.m in Sources */ = {isa = PBXBuildFile; fileRef = AB7CC4022434734100D7036E /* ELKParallel_masterTests.m */; };
		AB7CC40E2434734100D7036E /* ELKParallel_masterUITests.m in Sources */ = {isa = PBXBuildFile; fileRef = AB7CC40D2434734100D7036E /* ELKParallel_masterUITests.m */; };
		AB7CC452243474D800D7036E /* UIImage+ELKOriSensitive.m in Sources */ = {isa = PBXBuildFile; fileRef = AB7CC420243474D800D7036E /* UIImage+ELKOriSensitive.m */; };
		AB7CC453243474D800D7036E /* UIScrollView+ELKLoadMore.m in Sources */ = {isa = PBXBuildFile; fileRef = AB7CC423243474D800D7036E /* UIScrollView+ELKLoadMore.m */; };
		AB7CC454243474D800D7036E /* UITextField+ELKPlaceHolder.m in Sources */ = {isa = PBXBuildFile; fileRef = AB7CC426243474D800D7036E /* UITextField+ELKPlaceHolder.m */; };
		AB7CC455243474D800D7036E /* UITextView+ELKPlaceHolder.m in Sources */ = {isa = PBXBuildFile; fileRef = AB7CC427243474D800D7036E /* UITextView+ELKPlaceHolder.m */; };
		AB7CC456243474D800D7036E /* UILabel+ELKAddDeleteLine.m in Sources */ = {isa = PBXBuildFile; fileRef = AB7CC42B243474D800D7036E /* UILabel+ELKAddDeleteLine.m */; };
		AB7CC459243474D800D7036E /* UIButton+ELKStyle.m in Sources */ = {isa = PBXBuildFile; fileRef = AB7CC432243474D800D7036E /* UIButton+ELKStyle.m */; };
		AB7CC45A243474D800D7036E /* UIButton+Animate.m in Sources */ = {isa = PBXBuildFile; fileRef = AB7CC433243474D800D7036E /* UIButton+Animate.m */; };
		AB7CC45B243474D800D7036E /* UIColor+ELKCustom.m in Sources */ = {isa = PBXBuildFile; fileRef = AB7CC437243474D800D7036E /* UIColor+ELKCustom.m */; };
		AB7CC45C243474D800D7036E /* UIView+ELKGestureEvent.m in Sources */ = {isa = PBXBuildFile; fileRef = AB7CC43A243474D800D7036E /* UIView+ELKGestureEvent.m */; };
		AB7CC45D243474D800D7036E /* UIView+ELKAdditions.m in Sources */ = {isa = PBXBuildFile; fileRef = AB7CC43D243474D800D7036E /* UIView+ELKAdditions.m */; };
		AB7CC45E243474D800D7036E /* NSData+ELKBCBase64.m in Sources */ = {isa = PBXBuildFile; fileRef = AB7CC440243474D800D7036E /* NSData+ELKBCBase64.m */; };
		AB7CC45F243474D800D7036E /* NSString+ELKTimeFormet.m in Sources */ = {isa = PBXBuildFile; fileRef = AB7CC443243474D800D7036E /* NSString+ELKTimeFormet.m */; };
		AB7CC460243474D800D7036E /* NSString+ELKRuby.m in Sources */ = {isa = PBXBuildFile; fileRef = AB7CC444243474D800D7036E /* NSString+ELKRuby.m */; };
		AB7CC461243474D800D7036E /* NSString+ELKAdditions.m in Sources */ = {isa = PBXBuildFile; fileRef = AB7CC446243474D800D7036E /* NSString+ELKAdditions.m */; };
		AB7CC462243474D800D7036E /* NSString+ELKFast.m in Sources */ = {isa = PBXBuildFile; fileRef = AB7CC449243474D800D7036E /* NSString+ELKFast.m */; };
		AB7CC463243474D800D7036E /* UIViewController+ELKAlertController.m in Sources */ = {isa = PBXBuildFile; fileRef = AB7CC44C243474D800D7036E /* UIViewController+ELKAlertController.m */; };
		AB7CC464243474D800D7036E /* NSArray+ELKLog.m in Sources */ = {isa = PBXBuildFile; fileRef = AB7CC450243474D800D7036E /* NSArray+ELKLog.m */; };
		AB7CC465243474D800D7036E /* NSDictionary+ELKLog.m in Sources */ = {isa = PBXBuildFile; fileRef = AB7CC451243474D800D7036E /* NSDictionary+ELKLog.m */; };
		AB7CC517243480BA00D7036E /* ELK_Reachability.m in Sources */ = {isa = PBXBuildFile; fileRef = AB7CC50D243480BA00D7036E /* ELK_Reachability.m */; };
		AB7CC51A243480BA00D7036E /* ELKBCSwizzling.m in Sources */ = {isa = PBXBuildFile; fileRef = AB7CC513243480BA00D7036E /* ELKBCSwizzling.m */; };
/* End PBXBuildFile section */

/* Begin PBXContainerItemProxy section */
		AB7CC3FF2434734100D7036E /* PBXContainerItemProxy */ = {
			isa = PBXContainerItemProxy;
			containerPortal = AB7CC3DB2434733F00D7036E /* Project object */;
			proxyType = 1;
			remoteGlobalIDString = AB7CC3E22434733F00D7036E;
			remoteInfo = "ELKParallel-master";
		};
		AB7CC40A2434734100D7036E /* PBXContainerItemProxy */ = {
			isa = PBXContainerItemProxy;
			containerPortal = AB7CC3DB2434733F00D7036E /* Project object */;
			proxyType = 1;
			remoteGlobalIDString = AB7CC3E22434733F00D7036E;
			remoteInfo = "ELKParallel-master";
		};
/* End PBXContainerItemProxy section */

/* Begin PBXFileReference section */
		379DC1B689983B9D7B9D991F /* Pods-ELKParallel-master.release.xcconfig */ = {isa = PBXFileReference; includeInIndex = 1; lastKnownFileType = text.xcconfig; name = "Pods-ELKParallel-master.release.xcconfig"; path = "Target Support Files/Pods-ELKParallel-master/Pods-ELKParallel-master.release.xcconfig"; sourceTree = "<group>"; };
		AB7CC3E32434733F00D7036E /* ELKParallel-master.app */ = {isa = PBXFileReference; explicitFileType = wrapper.application; includeInIndex = 0; path = "ELKParallel-master.app"; sourceTree = BUILT_PRODUCTS_DIR; };
		AB7CC3E62434733F00D7036E /* AppDelegate.h */ = {isa = PBXFileReference; lastKnownFileType = sourcecode.c.h; path = AppDelegate.h; sourceTree = "<group>"; };
		AB7CC3E72434733F00D7036E /* AppDelegate.m */ = {isa = PBXFileReference; lastKnownFileType = sourcecode.c.objc; path = AppDelegate.m; sourceTree = "<group>"; };
		AB7CC3EC2434733F00D7036E /* ViewController.h */ = {isa = PBXFileReference; lastKnownFileType = sourcecode.c.h; path = ViewController.h; sourceTree = "<group>"; };
		AB7CC3ED2434733F00D7036E /* ViewController.m */ = {isa = PBXFileReference; lastKnownFileType = sourcecode.c.objc; path = ViewController.m; sourceTree = "<group>"; };
		AB7CC3F02434733F00D7036E /* Base */ = {isa = PBXFileReference; lastKnownFileType = file.storyboard; name = Base; path = Base.lproj/Main.storyboard; sourceTree = "<group>"; };
		AB7CC3F22434734000D7036E /* Assets.xcassets */ = {isa = PBXFileReference; lastKnownFileType = folder.assetcatalog; path = Assets.xcassets; sourceTree = "<group>"; };
		AB7CC3F52434734000D7036E /* Base */ = {isa = PBXFileReference; lastKnownFileType = file.storyboard; name = Base; path = Base.lproj/LaunchScreen.storyboard; sourceTree = "<group>"; };
		AB7CC3F72434734000D7036E /* Info.plist */ = {isa = PBXFileReference; lastKnownFileType = text.plist.xml; path = Info.plist; sourceTree = "<group>"; };
		AB7CC3F82434734000D7036E /* main.m */ = {isa = PBXFileReference; lastKnownFileType = sourcecode.c.objc; path = main.m; sourceTree = "<group>"; };
		AB7CC3FE2434734100D7036E /* ELKParallel-masterTests.xctest */ = {isa = PBXFileReference; explicitFileType = wrapper.cfbundle; includeInIndex = 0; path = "ELKParallel-masterTests.xctest"; sourceTree = BUILT_PRODUCTS_DIR; };
		AB7CC4022434734100D7036E /* ELKParallel_masterTests.m */ = {isa = PBXFileReference; lastKnownFileType = sourcecode.c.objc; path = ELKParallel_masterTests.m; sourceTree = "<group>"; };
		AB7CC4042434734100D7036E /* Info.plist */ = {isa = PBXFileReference; lastKnownFileType = text.plist.xml; path = Info.plist; sourceTree = "<group>"; };
		AB7CC4092434734100D7036E /* ELKParallel-masterUITests.xctest */ = {isa = PBXFileReference; explicitFileType = wrapper.cfbundle; includeInIndex = 0; path = "ELKParallel-masterUITests.xctest"; sourceTree = BUILT_PRODUCTS_DIR; };
		AB7CC40D2434734100D7036E /* ELKParallel_masterUITests.m */ = {isa = PBXFileReference; lastKnownFileType = sourcecode.c.objc; path = ELKParallel_masterUITests.m; sourceTree = "<group>"; };
		AB7CC40F2434734100D7036E /* Info.plist */ = {isa = PBXFileReference; lastKnownFileType = text.plist.xml; path = Info.plist; sourceTree = "<group>"; };
		AB7CC41F243474D800D7036E /* UIImage+ELKOriSensitive.h */ = {isa = PBXFileReference; fileEncoding = 4; lastKnownFileType = sourcecode.c.h; path = "UIImage+ELKOriSensitive.h"; sourceTree = "<group>"; };
		AB7CC420243474D800D7036E /* UIImage+ELKOriSensitive.m */ = {isa = PBXFileReference; fileEncoding = 4; lastKnownFileType = sourcecode.c.objc; path = "UIImage+ELKOriSensitive.m"; sourceTree = "<group>"; };
		AB7CC422243474D800D7036E /* UIScrollView+ELKLoadMore.h */ = {isa = PBXFileReference; fileEncoding = 4; lastKnownFileType = sourcecode.c.h; path = "UIScrollView+ELKLoadMore.h"; sourceTree = "<group>"; };
		AB7CC423243474D800D7036E /* UIScrollView+ELKLoadMore.m */ = {isa = PBXFileReference; fileEncoding = 4; lastKnownFileType = sourcecode.c.objc; path = "UIScrollView+ELKLoadMore.m"; sourceTree = "<group>"; };
		AB7CC425243474D800D7036E /* UITextView+ELKPlaceHolder.h */ = {isa = PBXFileReference; fileEncoding = 4; lastKnownFileType = sourcecode.c.h; path = "UITextView+ELKPlaceHolder.h"; sourceTree = "<group>"; };
		AB7CC426243474D800D7036E /* UITextField+ELKPlaceHolder.m */ = {isa = PBXFileReference; fileEncoding = 4; lastKnownFileType = sourcecode.c.objc; path = "UITextField+ELKPlaceHolder.m"; sourceTree = "<group>"; };
		AB7CC427243474D800D7036E /* UITextView+ELKPlaceHolder.m */ = {isa = PBXFileReference; fileEncoding = 4; lastKnownFileType = sourcecode.c.objc; path = "UITextView+ELKPlaceHolder.m"; sourceTree = "<group>"; };
		AB7CC428243474D800D7036E /* UITextField+ELKPlaceHolder.h */ = {isa = PBXFileReference; fileEncoding = 4; lastKnownFileType = sourcecode.c.h; path = "UITextField+ELKPlaceHolder.h"; sourceTree = "<group>"; };
		AB7CC42A243474D800D7036E /* UILabel+ELKAddDeleteLine.h */ = {isa = PBXFileReference; fileEncoding = 4; lastKnownFileType = sourcecode.c.h; path = "UILabel+ELKAddDeleteLine.h"; sourceTree = "<group>"; };
		AB7CC42B243474D800D7036E /* UILabel+ELKAddDeleteLine.m */ = {isa = PBXFileReference; fileEncoding = 4; lastKnownFileType = sourcecode.c.objc; path = "UILabel+ELKAddDeleteLine.m"; sourceTree = "<group>"; };
		AB7CC432243474D800D7036E /* UIButton+ELKStyle.m */ = {isa = PBXFileReference; fileEncoding = 4; lastKnownFileType = sourcecode.c.objc; path = "UIButton+ELKStyle.m"; sourceTree = "<group>"; };
		AB7CC433243474D800D7036E /* UIButton+Animate.m */ = {isa = PBXFileReference; fileEncoding = 4; lastKnownFileType = sourcecode.c.objc; path = "UIButton+Animate.m"; sourceTree = "<group>"; };
		AB7CC434243474D800D7036E /* UIButton+ELKStyle.h */ = {isa = PBXFileReference; fileEncoding = 4; lastKnownFileType = sourcecode.c.h; path = "UIButton+ELKStyle.h"; sourceTree = "<group>"; };
		AB7CC435243474D800D7036E /* UIButton+Animate.h */ = {isa = PBXFileReference; fileEncoding = 4; lastKnownFileType = sourcecode.c.h; path = "UIButton+Animate.h"; sourceTree = "<group>"; };
		AB7CC437243474D800D7036E /* UIColor+ELKCustom.m */ = {isa = PBXFileReference; fileEncoding = 4; lastKnownFileType = sourcecode.c.objc; path = "UIColor+ELKCustom.m"; sourceTree = "<group>"; };
		AB7CC438243474D800D7036E /* UIColor+ELKCustom.h */ = {isa = PBXFileReference; fileEncoding = 4; lastKnownFileType = sourcecode.c.h; path = "UIColor+ELKCustom.h"; sourceTree = "<group>"; };
		AB7CC43A243474D800D7036E /* UIView+ELKGestureEvent.m */ = {isa = PBXFileReference; fileEncoding = 4; lastKnownFileType = sourcecode.c.objc; path = "UIView+ELKGestureEvent.m"; sourceTree = "<group>"; };
		AB7CC43B243474D800D7036E /* UIView+ELKAdditions.h */ = {isa = PBXFileReference; fileEncoding = 4; lastKnownFileType = sourcecode.c.h; path = "UIView+ELKAdditions.h"; sourceTree = "<group>"; };
		AB7CC43C243474D800D7036E /* UIView+ELKGestureEvent.h */ = {isa = PBXFileReference; fileEncoding = 4; lastKnownFileType = sourcecode.c.h; path = "UIView+ELKGestureEvent.h"; sourceTree = "<group>"; };
		AB7CC43D243474D800D7036E /* UIView+ELKAdditions.m */ = {isa = PBXFileReference; fileEncoding = 4; lastKnownFileType = sourcecode.c.objc; path = "UIView+ELKAdditions.m"; sourceTree = "<group>"; };
		AB7CC43F243474D800D7036E /* NSData+ELKBCBase64.h */ = {isa = PBXFileReference; fileEncoding = 4; lastKnownFileType = sourcecode.c.h; path = "NSData+ELKBCBase64.h"; sourceTree = "<group>"; };
		AB7CC440243474D800D7036E /* NSData+ELKBCBase64.m */ = {isa = PBXFileReference; fileEncoding = 4; lastKnownFileType = sourcecode.c.objc; path = "NSData+ELKBCBase64.m"; sourceTree = "<group>"; };
		AB7CC442243474D800D7036E /* NSString+ELKAdditions.h */ = {isa = PBXFileReference; fileEncoding = 4; lastKnownFileType = sourcecode.c.h; path = "NSString+ELKAdditions.h"; sourceTree = "<group>"; };
		AB7CC443243474D800D7036E /* NSString+ELKTimeFormet.m */ = {isa = PBXFileReference; fileEncoding = 4; lastKnownFileType = sourcecode.c.objc; path = "NSString+ELKTimeFormet.m"; sourceTree = "<group>"; };
		AB7CC444243474D800D7036E /* NSString+ELKRuby.m */ = {isa = PBXFileReference; fileEncoding = 4; lastKnownFileType = sourcecode.c.objc; path = "NSString+ELKRuby.m"; sourceTree = "<group>"; };
		AB7CC445243474D800D7036E /* NSString+ELKFast.h */ = {isa = PBXFileReference; fileEncoding = 4; lastKnownFileType = sourcecode.c.h; path = "NSString+ELKFast.h"; sourceTree = "<group>"; };
		AB7CC446243474D800D7036E /* NSString+ELKAdditions.m */ = {isa = PBXFileReference; fileEncoding = 4; lastKnownFileType = sourcecode.c.objc; path = "NSString+ELKAdditions.m"; sourceTree = "<group>"; };
		AB7CC447243474D800D7036E /* NSString+ELKRuby.h */ = {isa = PBXFileReference; fileEncoding = 4; lastKnownFileType = sourcecode.c.h; path = "NSString+ELKRuby.h"; sourceTree = "<group>"; };
		AB7CC448243474D800D7036E /* NSString+ELKTimeFormet.h */ = {isa = PBXFileReference; fileEncoding = 4; lastKnownFileType = sourcecode.c.h; path = "NSString+ELKTimeFormet.h"; sourceTree = "<group>"; };
		AB7CC449243474D800D7036E /* NSString+ELKFast.m */ = {isa = PBXFileReference; fileEncoding = 4; lastKnownFileType = sourcecode.c.objc; path = "NSString+ELKFast.m"; sourceTree = "<group>"; };
		AB7CC44B243474D800D7036E /* UIViewController+ELKAlertController.h */ = {isa = PBXFileReference; fileEncoding = 4; lastKnownFileType = sourcecode.c.h; path = "UIViewController+ELKAlertController.h"; sourceTree = "<group>"; };
		AB7CC44C243474D800D7036E /* UIViewController+ELKAlertController.m */ = {isa = PBXFileReference; fileEncoding = 4; lastKnownFileType = sourcecode.c.objc; path = "UIViewController+ELKAlertController.m"; sourceTree = "<group>"; };
		AB7CC44E243474D800D7036E /* NSArray+ELKLog.h */ = {isa = PBXFileReference; fileEncoding = 4; lastKnownFileType = sourcecode.c.h; path = "NSArray+ELKLog.h"; sourceTree = "<group>"; };
		AB7CC44F243474D800D7036E /* NSDictionary+ELKLog.h */ = {isa = PBXFileReference; fileEncoding = 4; lastKnownFileType = sourcecode.c.h; path = "NSDictionary+ELKLog.h"; sourceTree = "<group>"; };
		AB7CC450243474D800D7036E /* NSArray+ELKLog.m */ = {isa = PBXFileReference; fileEncoding = 4; lastKnownFileType = sourcecode.c.objc; path = "NSArray+ELKLog.m"; sourceTree = "<group>"; };
		AB7CC451243474D800D7036E /* NSDictionary+ELKLog.m */ = {isa = PBXFileReference; fileEncoding = 4; lastKnownFileType = sourcecode.c.objc; path = "NSDictionary+ELKLog.m"; sourceTree = "<group>"; };
		AB7CC46924347D9F00D7036E /* ELKDefinitionHeader.h */ = {isa = PBXFileReference; fileEncoding = 4; lastKnownFileType = sourcecode.c.h; path = ELKDefinitionHeader.h; sourceTree = "<group>"; };
		AB7CC46B24347D9F00D7036E /* ELKNormalColorHeader.h */ = {isa = PBXFileReference; fileEncoding = 4; lastKnownFileType = sourcecode.c.h; path = ELKNormalColorHeader.h; sourceTree = "<group>"; };
		AB7CC46D24347EE900D7036E /* ELKParallel.h */ = {isa = PBXFileReference; fileEncoding = 4; lastKnownFileType = sourcecode.c.h; path = ELKParallel.h; sourceTree = "<group>"; };
		AB7CC50D243480BA00D7036E /* ELK_Reachability.m */ = {isa = PBXFileReference; fileEncoding = 4; lastKnownFileType = sourcecode.c.objc; path = ELK_Reachability.m; sourceTree = "<group>"; };
		AB7CC50E243480BA00D7036E /* ELKBCSwizzling.h */ = {isa = PBXFileReference; fileEncoding = 4; lastKnownFileType = sourcecode.c.h; path = ELKBCSwizzling.h; sourceTree = "<group>"; };
		AB7CC513243480BA00D7036E /* ELKBCSwizzling.m */ = {isa = PBXFileReference; fileEncoding = 4; lastKnownFileType = sourcecode.c.objc; path = ELKBCSwizzling.m; sourceTree = "<group>"; };
		AB7CC514243480BA00D7036E /* ELK_Reachability.h */ = {isa = PBXFileReference; fileEncoding = 4; lastKnownFileType = sourcecode.c.h; path = ELK_Reachability.h; sourceTree = "<group>"; };
		C508514479CAE37F201AB4D1 /* libPods-ELKParallel-master.a */ = {isa = PBXFileReference; explicitFileType = archive.ar; includeInIndex = 0; path = "libPods-ELKParallel-master.a"; sourceTree = BUILT_PRODUCTS_DIR; };
		EF0E22163F9A6041053E6E68 /* Pods-ELKParallel-master.debug.xcconfig */ = {isa = PBXFileReference; includeInIndex = 1; lastKnownFileType = text.xcconfig; name = "Pods-ELKParallel-master.debug.xcconfig"; path = "Target Support Files/Pods-ELKParallel-master/Pods-ELKParallel-master.debug.xcconfig"; sourceTree = "<group>"; };
/* End PBXFileReference section */

/* Begin PBXFrameworksBuildPhase section */
		AB7CC3E02434733F00D7036E /* Frameworks */ = {
			isa = PBXFrameworksBuildPhase;
			buildActionMask = 2147483647;
			files = (
				66A5BCB10D0FDD302C864F51 /* libPods-ELKParallel-master.a in Frameworks */,
			);
			runOnlyForDeploymentPostprocessing = 0;
		};
		AB7CC3FB2434734100D7036E /* Frameworks */ = {
			isa = PBXFrameworksBuildPhase;
			buildActionMask = 2147483647;
			files = (
			);
			runOnlyForDeploymentPostprocessing = 0;
		};
		AB7CC4062434734100D7036E /* Frameworks */ = {
			isa = PBXFrameworksBuildPhase;
			buildActionMask = 2147483647;
			files = (
			);
			runOnlyForDeploymentPostprocessing = 0;
		};
/* End PBXFrameworksBuildPhase section */

/* Begin PBXGroup section */
		2D4BC81D0D095C791CA53A27 /* Frameworks */ = {
			isa = PBXGroup;
			children = (
				C508514479CAE37F201AB4D1 /* libPods-ELKParallel-master.a */,
			);
			name = Frameworks;
			sourceTree = "<group>";
		};
		4A557A98421A571FCBFC6704 /* Pods */ = {
			isa = PBXGroup;
			children = (
				EF0E22163F9A6041053E6E68 /* Pods-ELKParallel-master.debug.xcconfig */,
				379DC1B689983B9D7B9D991F /* Pods-ELKParallel-master.release.xcconfig */,
			);
			path = Pods;
			sourceTree = "<group>";
		};
		AB7CC3DA2434733F00D7036E = {
			isa = PBXGroup;
			children = (
				AB7CC3E52434733F00D7036E /* ELKParallel-master */,
				AB7CC4012434734100D7036E /* ELKParallel-masterTests */,
				AB7CC40C2434734100D7036E /* ELKParallel-masterUITests */,
				AB7CC3E42434733F00D7036E /* Products */,
				4A557A98421A571FCBFC6704 /* Pods */,
				2D4BC81D0D095C791CA53A27 /* Frameworks */,
			);
			sourceTree = "<group>";
		};
		AB7CC3E42434733F00D7036E /* Products */ = {
			isa = PBXGroup;
			children = (
				AB7CC3E32434733F00D7036E /* ELKParallel-master.app */,
				AB7CC3FE2434734100D7036E /* ELKParallel-masterTests.xctest */,
				AB7CC4092434734100D7036E /* ELKParallel-masterUITests.xctest */,
			);
			name = Products;
			sourceTree = "<group>";
		};
		AB7CC3E52434733F00D7036E /* ELKParallel-master */ = {
			isa = PBXGroup;
			children = (
				AB7CC3E62434733F00D7036E /* AppDelegate.h */,
				AB7CC3E72434733F00D7036E /* AppDelegate.m */,
				AB7CC3EC2434733F00D7036E /* ViewController.h */,
				AB7CC3ED2434733F00D7036E /* ViewController.m */,
				AB7CC41C243474BA00D7036E /* ELKParallel */,
				AB7CC41B2434734F00D7036E /* Others */,
			);
			path = "ELKParallel-master";
			sourceTree = "<group>";
		};
		AB7CC4012434734100D7036E /* ELKParallel-masterTests */ = {
			isa = PBXGroup;
			children = (
				AB7CC4022434734100D7036E /* ELKParallel_masterTests.m */,
				AB7CC4042434734100D7036E /* Info.plist */,
			);
			path = "ELKParallel-masterTests";
			sourceTree = "<group>";
		};
		AB7CC40C2434734100D7036E /* ELKParallel-masterUITests */ = {
			isa = PBXGroup;
			children = (
				AB7CC40D2434734100D7036E /* ELKParallel_masterUITests.m */,
				AB7CC40F2434734100D7036E /* Info.plist */,
			);
			path = "ELKParallel-masterUITests";
			sourceTree = "<group>";
		};
		AB7CC41B2434734F00D7036E /* Others */ = {
			isa = PBXGroup;
			children = (
				AB7CC3EF2434733F00D7036E /* Main.storyboard */,
				AB7CC3F22434734000D7036E /* Assets.xcassets */,
				AB7CC3F42434734000D7036E /* LaunchScreen.storyboard */,
				AB7CC3F72434734000D7036E /* Info.plist */,
				AB7CC3F82434734000D7036E /* main.m */,
			);
			path = Others;
			sourceTree = "<group>";
		};
		AB7CC41C243474BA00D7036E /* ELKParallel */ = {
			isa = PBXGroup;
			children = (
				AB7CC46D24347EE900D7036E /* ELKParallel.h */,
				AB7CC41D243474D800D7036E /* Category */,
				AB7CC46624347D7E00D7036E /* Common */,
				AB7CC50B243480BA00D7036E /* Tool */,
			);
			path = ELKParallel;
			sourceTree = "<group>";
		};
		AB7CC41D243474D800D7036E /* Category */ = {
			isa = PBXGroup;
			children = (
				AB7CC44D243474D800D7036E /* ELKLog */,
				AB7CC43E243474D800D7036E /* NSData */,
				AB7CC441243474D800D7036E /* NSString */,
				AB7CC424243474D800D7036E /* TextView */,
				AB7CC431243474D800D7036E /* UIButton */,
				AB7CC436243474D800D7036E /* UIColor */,
				AB7CC41E243474D800D7036E /* UIImage */,
				AB7CC429243474D800D7036E /* UILabel */,
				AB7CC421243474D800D7036E /* UIScrollView */,
				AB7CC439243474D800D7036E /* UIView */,
				AB7CC44A243474D800D7036E /* UIViewController */,
			);
			path = Category;
			sourceTree = "<group>";
		};
		AB7CC41E243474D800D7036E /* UIImage */ = {
			isa = PBXGroup;
			children = (
				AB7CC41F243474D800D7036E /* UIImage+ELKOriSensitive.h */,
				AB7CC420243474D800D7036E /* UIImage+ELKOriSensitive.m */,
			);
			path = UIImage;
			sourceTree = "<group>";
		};
		AB7CC421243474D800D7036E /* UIScrollView */ = {
			isa = PBXGroup;
			children = (
				AB7CC422243474D800D7036E /* UIScrollView+ELKLoadMore.h */,
				AB7CC423243474D800D7036E /* UIScrollView+ELKLoadMore.m */,
			);
			path = UIScrollView;
			sourceTree = "<group>";
		};
		AB7CC424243474D800D7036E /* TextView */ = {
			isa = PBXGroup;
			children = (
				AB7CC428243474D800D7036E /* UITextField+ELKPlaceHolder.h */,
				AB7CC426243474D800D7036E /* UITextField+ELKPlaceHolder.m */,
				AB7CC425243474D800D7036E /* UITextView+ELKPlaceHolder.h */,
				AB7CC427243474D800D7036E /* UITextView+ELKPlaceHolder.m */,
			);
			path = TextView;
			sourceTree = "<group>";
		};
		AB7CC429243474D800D7036E /* UILabel */ = {
			isa = PBXGroup;
			children = (
				AB7CC42A243474D800D7036E /* UILabel+ELKAddDeleteLine.h */,
				AB7CC42B243474D800D7036E /* UILabel+ELKAddDeleteLine.m */,
			);
			path = UILabel;
			sourceTree = "<group>";
		};
		AB7CC431243474D800D7036E /* UIButton */ = {
			isa = PBXGroup;
			children = (
				AB7CC435243474D800D7036E /* UIButton+Animate.h */,
				AB7CC433243474D800D7036E /* UIButton+Animate.m */,
				AB7CC434243474D800D7036E /* UIButton+ELKStyle.h */,
				AB7CC432243474D800D7036E /* UIButton+ELKStyle.m */,
			);
			path = UIButton;
			sourceTree = "<group>";
		};
		AB7CC436243474D800D7036E /* UIColor */ = {
			isa = PBXGroup;
			children = (
				AB7CC438243474D800D7036E /* UIColor+ELKCustom.h */,
				AB7CC437243474D800D7036E /* UIColor+ELKCustom.m */,
			);
			path = UIColor;
			sourceTree = "<group>";
		};
		AB7CC439243474D800D7036E /* UIView */ = {
			isa = PBXGroup;
			children = (
				AB7CC43B243474D800D7036E /* UIView+ELKAdditions.h */,
				AB7CC43D243474D800D7036E /* UIView+ELKAdditions.m */,
				AB7CC43C243474D800D7036E /* UIView+ELKGestureEvent.h */,
				AB7CC43A243474D800D7036E /* UIView+ELKGestureEvent.m */,
			);
			path = UIView;
			sourceTree = "<group>";
		};
		AB7CC43E243474D800D7036E /* NSData */ = {
			isa = PBXGroup;
			children = (
				AB7CC43F243474D800D7036E /* NSData+ELKBCBase64.h */,
				AB7CC440243474D800D7036E /* NSData+ELKBCBase64.m */,
			);
			path = NSData;
			sourceTree = "<group>";
		};
		AB7CC441243474D800D7036E /* NSString */ = {
			isa = PBXGroup;
			children = (
				AB7CC442243474D800D7036E /* NSString+ELKAdditions.h */,
				AB7CC446243474D800D7036E /* NSString+ELKAdditions.m */,
				AB7CC445243474D800D7036E /* NSString+ELKFast.h */,
				AB7CC449243474D800D7036E /* NSString+ELKFast.m */,
				AB7CC447243474D800D7036E /* NSString+ELKRuby.h */,
				AB7CC444243474D800D7036E /* NSString+ELKRuby.m */,
				AB7CC448243474D800D7036E /* NSString+ELKTimeFormet.h */,
				AB7CC443243474D800D7036E /* NSString+ELKTimeFormet.m */,
			);
			path = NSString;
			sourceTree = "<group>";
		};
		AB7CC44A243474D800D7036E /* UIViewController */ = {
			isa = PBXGroup;
			children = (
				AB7CC44B243474D800D7036E /* UIViewController+ELKAlertController.h */,
				AB7CC44C243474D800D7036E /* UIViewController+ELKAlertController.m */,
			);
			path = UIViewController;
			sourceTree = "<group>";
		};
		AB7CC44D243474D800D7036E /* ELKLog */ = {
			isa = PBXGroup;
			children = (
				AB7CC44E243474D800D7036E /* NSArray+ELKLog.h */,
				AB7CC450243474D800D7036E /* NSArray+ELKLog.m */,
				AB7CC44F243474D800D7036E /* NSDictionary+ELKLog.h */,
				AB7CC451243474D800D7036E /* NSDictionary+ELKLog.m */,
			);
			path = ELKLog;
			sourceTree = "<group>";
		};
		AB7CC46624347D7E00D7036E /* Common */ = {
			isa = PBXGroup;
			children = (
				AB7CC46924347D9F00D7036E /* ELKDefinitionHeader.h */,
				AB7CC46B24347D9F00D7036E /* ELKNormalColorHeader.h */,
			);
			path = Common;
			sourceTree = "<group>";
		};
		AB7CC50B243480BA00D7036E /* Tool */ = {
			isa = PBXGroup;
			children = (
				AB7CC514243480BA00D7036E /* ELK_Reachability.h */,
				AB7CC50D243480BA00D7036E /* ELK_Reachability.m */,
				AB7CC50E243480BA00D7036E /* ELKBCSwizzling.h */,
				AB7CC513243480BA00D7036E /* ELKBCSwizzling.m */,
			);
			path = Tool;
			sourceTree = "<group>";
		};
/* End PBXGroup section */

/* Begin PBXNativeTarget section */
		AB7CC3E22434733F00D7036E /* ELKParallel-master */ = {
			isa = PBXNativeTarget;
			buildConfigurationList = AB7CC4122434734100D7036E /* Build configuration list for PBXNativeTarget "ELKParallel-master" */;
			buildPhases = (
				FBCBF975D0846595C14F44A6 /* [CP] Check Pods Manifest.lock */,
				AB7CC3DF2434733F00D7036E /* Sources */,
				AB7CC3E02434733F00D7036E /* Frameworks */,
				AB7CC3E12434733F00D7036E /* Resources */,
			);
			buildRules = (
			);
			dependencies = (
			);
			name = "ELKParallel-master";
			productName = "ELKParallel-master";
			productReference = AB7CC3E32434733F00D7036E /* ELKParallel-master.app */;
			productType = "com.apple.product-type.application";
		};
		AB7CC3FD2434734100D7036E /* ELKParallel-masterTests */ = {
			isa = PBXNativeTarget;
			buildConfigurationList = AB7CC4152434734100D7036E /* Build configuration list for PBXNativeTarget "ELKParallel-masterTests" */;
			buildPhases = (
				AB7CC3FA2434734100D7036E /* Sources */,
				AB7CC3FB2434734100D7036E /* Frameworks */,
				AB7CC3FC2434734100D7036E /* Resources */,
			);
			buildRules = (
			);
			dependencies = (
				AB7CC4002434734100D7036E /* PBXTargetDependency */,
			);
			name = "ELKParallel-masterTests";
			productName = "ELKParallel-masterTests";
			productReference = AB7CC3FE2434734100D7036E /* ELKParallel-masterTests.xctest */;
			productType = "com.apple.product-type.bundle.unit-test";
		};
		AB7CC4082434734100D7036E /* ELKParallel-masterUITests */ = {
			isa = PBXNativeTarget;
			buildConfigurationList = AB7CC4182434734100D7036E /* Build configuration list for PBXNativeTarget "ELKParallel-masterUITests" */;
			buildPhases = (
				AB7CC4052434734100D7036E /* Sources */,
				AB7CC4062434734100D7036E /* Frameworks */,
				AB7CC4072434734100D7036E /* Resources */,
			);
			buildRules = (
			);
			dependencies = (
				AB7CC40B2434734100D7036E /* PBXTargetDependency */,
			);
			name = "ELKParallel-masterUITests";
			productName = "ELKParallel-masterUITests";
			productReference = AB7CC4092434734100D7036E /* ELKParallel-masterUITests.xctest */;
			productType = "com.apple.product-type.bundle.ui-testing";
		};
/* End PBXNativeTarget section */

/* Begin PBXProject section */
		AB7CC3DB2434733F00D7036E /* Project object */ = {
			isa = PBXProject;
			attributes = {
				CLASSPREFIX = ELK;
				LastUpgradeCheck = 1140;
				ORGANIZATIONNAME = wing;
				TargetAttributes = {
					AB7CC3E22434733F00D7036E = {
						CreatedOnToolsVersion = 11.4;
					};
					AB7CC3FD2434734100D7036E = {
						CreatedOnToolsVersion = 11.4;
						TestTargetID = AB7CC3E22434733F00D7036E;
					};
					AB7CC4082434734100D7036E = {
						CreatedOnToolsVersion = 11.4;
						TestTargetID = AB7CC3E22434733F00D7036E;
					};
				};
			};
			buildConfigurationList = AB7CC3DE2434733F00D7036E /* Build configuration list for PBXProject "ELKParallel-master" */;
			compatibilityVersion = "Xcode 9.3";
			developmentRegion = en;
			hasScannedForEncodings = 0;
			knownRegions = (
				en,
				Base,
			);
			mainGroup = AB7CC3DA2434733F00D7036E;
			productRefGroup = AB7CC3E42434733F00D7036E /* Products */;
			projectDirPath = "";
			projectRoot = "";
			targets = (
				AB7CC3E22434733F00D7036E /* ELKParallel-master */,
				AB7CC3FD2434734100D7036E /* ELKParallel-masterTests */,
				AB7CC4082434734100D7036E /* ELKParallel-masterUITests */,
			);
		};
/* End PBXProject section */

/* Begin PBXResourcesBuildPhase section */
		AB7CC3E12434733F00D7036E /* Resources */ = {
			isa = PBXResourcesBuildPhase;
			buildActionMask = 2147483647;
			files = (
				AB7CC3F62434734000D7036E /* LaunchScreen.storyboard in Resources */,
				AB7CC3F32434734000D7036E /* Assets.xcassets in Resources */,
				AB7CC3F12434733F00D7036E /* Main.storyboard in Resources */,
			);
			runOnlyForDeploymentPostprocessing = 0;
		};
		AB7CC3FC2434734100D7036E /* Resources */ = {
			isa = PBXResourcesBuildPhase;
			buildActionMask = 2147483647;
			files = (
			);
			runOnlyForDeploymentPostprocessing = 0;
		};
		AB7CC4072434734100D7036E /* Resources */ = {
			isa = PBXResourcesBuildPhase;
			buildActionMask = 2147483647;
			files = (
			);
			runOnlyForDeploymentPostprocessing = 0;
		};
/* End PBXResourcesBuildPhase section */

/* Begin PBXShellScriptBuildPhase section */
		FBCBF975D0846595C14F44A6 /* [CP] Check Pods Manifest.lock */ = {
			isa = PBXShellScriptBuildPhase;
			buildActionMask = 2147483647;
			files = (
			);
			inputFileListPaths = (
			);
			inputPaths = (
				"${PODS_PODFILE_DIR_PATH}/Podfile.lock",
				"${PODS_ROOT}/Manifest.lock",
			);
			name = "[CP] Check Pods Manifest.lock";
			outputFileListPaths = (
			);
			outputPaths = (
				"$(DERIVED_FILE_DIR)/Pods-ELKParallel-master-checkManifestLockResult.txt",
			);
			runOnlyForDeploymentPostprocessing = 0;
			shellPath = /bin/sh;
			shellScript = "diff \"${PODS_PODFILE_DIR_PATH}/Podfile.lock\" \"${PODS_ROOT}/Manifest.lock\" > /dev/null\nif [ $? != 0 ] ; then\n    # print error to STDERR\n    echo \"error: The sandbox is not in sync with the Podfile.lock. Run 'pod install' or update your CocoaPods installation.\" >&2\n    exit 1\nfi\n# This output is used by Xcode 'outputs' to avoid re-running this script phase.\necho \"SUCCESS\" > \"${SCRIPT_OUTPUT_FILE_0}\"\n";
			showEnvVarsInLog = 0;
		};
/* End PBXShellScriptBuildPhase section */

/* Begin PBXSourcesBuildPhase section */
		AB7CC3DF2434733F00D7036E /* Sources */ = {
			isa = PBXSourcesBuildPhase;
			buildActionMask = 2147483647;
			files = (
				AB7CC45D243474D800D7036E /* UIView+ELKAdditions.m in Sources */,
				AB7CC455243474D800D7036E /* UITextView+ELKPlaceHolder.m in Sources */,
				AB7CC51A243480BA00D7036E /* ELKBCSwizzling.m in Sources */,
				AB7CC452243474D800D7036E /* UIImage+ELKOriSensitive.m in Sources */,
				AB7CC453243474D800D7036E /* UIScrollView+ELKLoadMore.m in Sources */,
				AB7CC45C243474D800D7036E /* UIView+ELKGestureEvent.m in Sources */,
				AB7CC461243474D800D7036E /* NSString+ELKAdditions.m in Sources */,
				AB7CC459243474D800D7036E /* UIButton+ELKStyle.m in Sources */,
				AB7CC463243474D800D7036E /* UIViewController+ELKAlertController.m in Sources */,
				AB7CC465243474D800D7036E /* NSDictionary+ELKLog.m in Sources */,
				AB7CC45F243474D800D7036E /* NSString+ELKTimeFormet.m in Sources */,
				AB7CC45A243474D800D7036E /* UIButton+Animate.m in Sources */,
				AB7CC454243474D800D7036E /* UITextField+ELKPlaceHolder.m in Sources */,
				AB7CC3EE2434733F00D7036E /* ViewController.m in Sources */,
				AB7CC45E243474D800D7036E /* NSData+ELKBCBase64.m in Sources */,
				AB7CC462243474D800D7036E /* NSString+ELKFast.m in Sources */,
				AB7CC3E82434733F00D7036E /* AppDelegate.m in Sources */,
				AB7CC460243474D800D7036E /* NSString+ELKRuby.m in Sources */,
				AB7CC464243474D800D7036E /* NSArray+ELKLog.m in Sources */,
				AB7CC45B243474D800D7036E /* UIColor+ELKCustom.m in Sources */,
				AB7CC517243480BA00D7036E /* ELK_Reachability.m in Sources */,
				AB7CC456243474D800D7036E /* UILabel+ELKAddDeleteLine.m in Sources */,
				AB7CC3F92434734000D7036E /* main.m in Sources */,
			);
			runOnlyForDeploymentPostprocessing = 0;
		};
		AB7CC3FA2434734100D7036E /* Sources */ = {
			isa = PBXSourcesBuildPhase;
			buildActionMask = 2147483647;
			files = (
				AB7CC4032434734100D7036E /* ELKParallel_masterTests.m in Sources */,
			);
			runOnlyForDeploymentPostprocessing = 0;
		};
		AB7CC4052434734100D7036E /* Sources */ = {
			isa = PBXSourcesBuildPhase;
			buildActionMask = 2147483647;
			files = (
				AB7CC40E2434734100D7036E /* ELKParallel_masterUITests.m in Sources */,
			);
			runOnlyForDeploymentPostprocessing = 0;
		};
/* End PBXSourcesBuildPhase section */

/* Begin PBXTargetDependency section */
		AB7CC4002434734100D7036E /* PBXTargetDependency */ = {
			isa = PBXTargetDependency;
			target = AB7CC3E22434733F00D7036E /* ELKParallel-master */;
			targetProxy = AB7CC3FF2434734100D7036E /* PBXContainerItemProxy */;
		};
		AB7CC40B2434734100D7036E /* PBXTargetDependency */ = {
			isa = PBXTargetDependency;
			target = AB7CC3E22434733F00D7036E /* ELKParallel-master */;
			targetProxy = AB7CC40A2434734100D7036E /* PBXContainerItemProxy */;
		};
/* End PBXTargetDependency section */

/* Begin PBXVariantGroup section */
		AB7CC3EF2434733F00D7036E /* Main.storyboard */ = {
			isa = PBXVariantGroup;
			children = (
				AB7CC3F02434733F00D7036E /* Base */,
			);
			name = Main.storyboard;
			sourceTree = "<group>";
		};
		AB7CC3F42434734000D7036E /* LaunchScreen.storyboard */ = {
			isa = PBXVariantGroup;
			children = (
				AB7CC3F52434734000D7036E /* Base */,
			);
			name = LaunchScreen.storyboard;
			sourceTree = "<group>";
		};
/* End PBXVariantGroup section */

/* Begin XCBuildConfiguration section */
		AB7CC4102434734100D7036E /* Debug */ = {
			isa = XCBuildConfiguration;
			buildSettings = {
				ALWAYS_SEARCH_USER_PATHS = NO;
				CLANG_ANALYZER_NONNULL = YES;
				CLANG_ANALYZER_NUMBER_OBJECT_CONVERSION = YES_AGGRESSIVE;
				CLANG_CXX_LANGUAGE_STANDARD = "gnu++14";
				CLANG_CXX_LIBRARY = "libc++";
				CLANG_ENABLE_MODULES = YES;
				CLANG_ENABLE_OBJC_ARC = YES;
				CLANG_ENABLE_OBJC_WEAK = YES;
				CLANG_WARN_BLOCK_CAPTURE_AUTORELEASING = YES;
				CLANG_WARN_BOOL_CONVERSION = YES;
				CLANG_WARN_COMMA = YES;
				CLANG_WARN_CONSTANT_CONVERSION = YES;
				CLANG_WARN_DEPRECATED_OBJC_IMPLEMENTATIONS = YES;
				CLANG_WARN_DIRECT_OBJC_ISA_USAGE = YES_ERROR;
				CLANG_WARN_DOCUMENTATION_COMMENTS = YES;
				CLANG_WARN_EMPTY_BODY = YES;
				CLANG_WARN_ENUM_CONVERSION = YES;
				CLANG_WARN_INFINITE_RECURSION = YES;
				CLANG_WARN_INT_CONVERSION = YES;
				CLANG_WARN_NON_LITERAL_NULL_CONVERSION = YES;
				CLANG_WARN_OBJC_IMPLICIT_RETAIN_SELF = YES;
				CLANG_WARN_OBJC_LITERAL_CONVERSION = YES;
				CLANG_WARN_OBJC_ROOT_CLASS = YES_ERROR;
				CLANG_WARN_RANGE_LOOP_ANALYSIS = YES;
				CLANG_WARN_STRICT_PROTOTYPES = YES;
				CLANG_WARN_SUSPICIOUS_MOVE = YES;
				CLANG_WARN_UNGUARDED_AVAILABILITY = YES_AGGRESSIVE;
				CLANG_WARN_UNREACHABLE_CODE = YES;
				CLANG_WARN__DUPLICATE_METHOD_MATCH = YES;
				COPY_PHASE_STRIP = NO;
				DEBUG_INFORMATION_FORMAT = dwarf;
				ENABLE_STRICT_OBJC_MSGSEND = YES;
				ENABLE_TESTABILITY = YES;
				GCC_C_LANGUAGE_STANDARD = gnu11;
				GCC_DYNAMIC_NO_PIC = NO;
				GCC_NO_COMMON_BLOCKS = YES;
				GCC_OPTIMIZATION_LEVEL = 0;
				GCC_PREPROCESSOR_DEFINITIONS = (
					"DEBUG=1",
					"$(inherited)",
				);
				GCC_WARN_64_TO_32_BIT_CONVERSION = YES;
				GCC_WARN_ABOUT_RETURN_TYPE = YES_ERROR;
				GCC_WARN_UNDECLARED_SELECTOR = YES;
				GCC_WARN_UNINITIALIZED_AUTOS = YES_AGGRESSIVE;
				GCC_WARN_UNUSED_FUNCTION = YES;
				GCC_WARN_UNUSED_VARIABLE = YES;
				IPHONEOS_DEPLOYMENT_TARGET = 9.0;
				MTL_ENABLE_DEBUG_INFO = INCLUDE_SOURCE;
				MTL_FAST_MATH = YES;
				ONLY_ACTIVE_ARCH = YES;
				SDKROOT = iphoneos;
			};
			name = Debug;
		};
		AB7CC4112434734100D7036E /* Release */ = {
			isa = XCBuildConfiguration;
			buildSettings = {
				ALWAYS_SEARCH_USER_PATHS = NO;
				CLANG_ANALYZER_NONNULL = YES;
				CLANG_ANALYZER_NUMBER_OBJECT_CONVERSION = YES_AGGRESSIVE;
				CLANG_CXX_LANGUAGE_STANDARD = "gnu++14";
				CLANG_CXX_LIBRARY = "libc++";
				CLANG_ENABLE_MODULES = YES;
				CLANG_ENABLE_OBJC_ARC = YES;
				CLANG_ENABLE_OBJC_WEAK = YES;
				CLANG_WARN_BLOCK_CAPTURE_AUTORELEASING = YES;
				CLANG_WARN_BOOL_CONVERSION = YES;
				CLANG_WARN_COMMA = YES;
				CLANG_WARN_CONSTANT_CONVERSION = YES;
				CLANG_WARN_DEPRECATED_OBJC_IMPLEMENTATIONS = YES;
				CLANG_WARN_DIRECT_OBJC_ISA_USAGE = YES_ERROR;
				CLANG_WARN_DOCUMENTATION_COMMENTS = YES;
				CLANG_WARN_EMPTY_BODY = YES;
				CLANG_WARN_ENUM_CONVERSION = YES;
				CLANG_WARN_INFINITE_RECURSION = YES;
				CLANG_WARN_INT_CONVERSION = YES;
				CLANG_WARN_NON_LITERAL_NULL_CONVERSION = YES;
				CLANG_WARN_OBJC_IMPLICIT_RETAIN_SELF = YES;
				CLANG_WARN_OBJC_LITERAL_CONVERSION = YES;
				CLANG_WARN_OBJC_ROOT_CLASS = YES_ERROR;
				CLANG_WARN_RANGE_LOOP_ANALYSIS = YES;
				CLANG_WARN_STRICT_PROTOTYPES = YES;
				CLANG_WARN_SUSPICIOUS_MOVE = YES;
				CLANG_WARN_UNGUARDED_AVAILABILITY = YES_AGGRESSIVE;
				CLANG_WARN_UNREACHABLE_CODE = YES;
				CLANG_WARN__DUPLICATE_METHOD_MATCH = YES;
				COPY_PHASE_STRIP = NO;
				DEBUG_INFORMATION_FORMAT = "dwarf-with-dsym";
				ENABLE_NS_ASSERTIONS = NO;
				ENABLE_STRICT_OBJC_MSGSEND = YES;
				GCC_C_LANGUAGE_STANDARD = gnu11;
				GCC_NO_COMMON_BLOCKS = YES;
				GCC_WARN_64_TO_32_BIT_CONVERSION = YES;
				GCC_WARN_ABOUT_RETURN_TYPE = YES_ERROR;
				GCC_WARN_UNDECLARED_SELECTOR = YES;
				GCC_WARN_UNINITIALIZED_AUTOS = YES_AGGRESSIVE;
				GCC_WARN_UNUSED_FUNCTION = YES;
				GCC_WARN_UNUSED_VARIABLE = YES;
				IPHONEOS_DEPLOYMENT_TARGET = 9.0;
				MTL_ENABLE_DEBUG_INFO = NO;
				MTL_FAST_MATH = YES;
				SDKROOT = iphoneos;
				VALIDATE_PRODUCT = YES;
			};
			name = Release;
		};
		AB7CC4132434734100D7036E /* Debug */ = {
			isa = XCBuildConfiguration;
			baseConfigurationReference = EF0E22163F9A6041053E6E68 /* Pods-ELKParallel-master.debug.xcconfig */;
			buildSettings = {
				ASSETCATALOG_COMPILER_APPICON_NAME = AppIcon;
				CODE_SIGN_STYLE = Automatic;
				DEVELOPMENT_TEAM = J8BTB638K2;
				INFOPLIST_FILE = "ELKParallel-master/Others/Info.plist";
				LD_RUNPATH_SEARCH_PATHS = (
					"$(inherited)",
					"@executable_path/Frameworks",
				);
				PRODUCT_BUNDLE_IDENTIFIER = "com.elk.ELKParallel-master";
				PRODUCT_NAME = "$(TARGET_NAME)";
				TARGETED_DEVICE_FAMILY = "1,2";
			};
			name = Debug;
		};
		AB7CC4142434734100D7036E /* Release */ = {
			isa = XCBuildConfiguration;
			baseConfigurationReference = 379DC1B689983B9D7B9D991F /* Pods-ELKParallel-master.release.xcconfig */;
			buildSettings = {
				ASSETCATALOG_COMPILER_APPICON_NAME = AppIcon;
				CODE_SIGN_STYLE = Automatic;
				DEVELOPMENT_TEAM = J8BTB638K2;
				INFOPLIST_FILE = "ELKParallel-master/Others/Info.plist";
				LD_RUNPATH_SEARCH_PATHS = (
					"$(inherited)",
					"@executable_path/Frameworks",
				);
				PRODUCT_BUNDLE_IDENTIFIER = "com.elk.ELKParallel-master";
				PRODUCT_NAME = "$(TARGET_NAME)";
				TARGETED_DEVICE_FAMILY = "1,2";
			};
			name = Release;
		};
		AB7CC4162434734100D7036E /* Debug */ = {
			isa = XCBuildConfiguration;
			buildSettings = {
				BUNDLE_LOADER = "$(TEST_HOST)";
				CODE_SIGN_STYLE = Automatic;
				DEVELOPMENT_TEAM = J8BTB638K2;
				INFOPLIST_FILE = "ELKParallel-masterTests/Info.plist";
				IPHONEOS_DEPLOYMENT_TARGET = 13.4;
				LD_RUNPATH_SEARCH_PATHS = (
					"$(inherited)",
					"@executable_path/Frameworks",
					"@loader_path/Frameworks",
				);
				PRODUCT_BUNDLE_IDENTIFIER = "com.elk.ELKParallel-masterTests";
				PRODUCT_NAME = "$(TARGET_NAME)";
				TARGETED_DEVICE_FAMILY = "1,2";
				TEST_HOST = "$(BUILT_PRODUCTS_DIR)/ELKParallel-master.app/ELKParallel-master";
			};
			name = Debug;
		};
		AB7CC4172434734100D7036E /* Release */ = {
			isa = XCBuildConfiguration;
			buildSettings = {
				BUNDLE_LOADER = "$(TEST_HOST)";
				CODE_SIGN_STYLE = Automatic;
				DEVELOPMENT_TEAM = J8BTB638K2;
				INFOPLIST_FILE = "ELKParallel-masterTests/Info.plist";
				IPHONEOS_DEPLOYMENT_TARGET = 13.4;
				LD_RUNPATH_SEARCH_PATHS = (
					"$(inherited)",
					"@executable_path/Frameworks",
					"@loader_path/Frameworks",
				);
				PRODUCT_BUNDLE_IDENTIFIER = "com.elk.ELKParallel-masterTests";
				PRODUCT_NAME = "$(TARGET_NAME)";
				TARGETED_DEVICE_FAMILY = "1,2";
				TEST_HOST = "$(BUILT_PRODUCTS_DIR)/ELKParallel-master.app/ELKParallel-master";
			};
			name = Release;
		};
		AB7CC4192434734100D7036E /* Debug */ = {
			isa = XCBuildConfiguration;
			buildSettings = {
				CODE_SIGN_STYLE = Automatic;
				DEVELOPMENT_TEAM = J8BTB638K2;
				INFOPLIST_FILE = "ELKParallel-masterUITests/Info.plist";
				LD_RUNPATH_SEARCH_PATHS = (
					"$(inherited)",
					"@executable_path/Frameworks",
					"@loader_path/Frameworks",
				);
				PRODUCT_BUNDLE_IDENTIFIER = "com.elk.ELKParallel-masterUITests";
				PRODUCT_NAME = "$(TARGET_NAME)";
				TARGETED_DEVICE_FAMILY = "1,2";
				TEST_TARGET_NAME = "ELKParallel-master";
			};
			name = Debug;
		};
		AB7CC41A2434734100D7036E /* Release */ = {
			isa = XCBuildConfiguration;
			buildSettings = {
				CODE_SIGN_STYLE = Automatic;
				DEVELOPMENT_TEAM = J8BTB638K2;
				INFOPLIST_FILE = "ELKParallel-masterUITests/Info.plist";
				LD_RUNPATH_SEARCH_PATHS = (
					"$(inherited)",
					"@executable_path/Frameworks",
					"@loader_path/Frameworks",
				);
				PRODUCT_BUNDLE_IDENTIFIER = "com.elk.ELKParallel-masterUITests";
				PRODUCT_NAME = "$(TARGET_NAME)";
				TARGETED_DEVICE_FAMILY = "1,2";
				TEST_TARGET_NAME = "ELKParallel-master";
			};
			name = Release;
		};
/* End XCBuildConfiguration section */

/* Begin XCConfigurationList section */
		AB7CC3DE2434733F00D7036E /* Build configuration list for PBXProject "ELKParallel-master" */ = {
			isa = XCConfigurationList;
			buildConfigurations = (
				AB7CC4102434734100D7036E /* Debug */,
				AB7CC4112434734100D7036E /* Release */,
			);
			defaultConfigurationIsVisible = 0;
			defaultConfigurationName = Release;
		};
		AB7CC4122434734100D7036E /* Build configuration list for PBXNativeTarget "ELKParallel-master" */ = {
			isa = XCConfigurationList;
			buildConfigurations = (
				AB7CC4132434734100D7036E /* Debug */,
				AB7CC4142434734100D7036E /* Release */,
			);
			defaultConfigurationIsVisible = 0;
			defaultConfigurationName = Release;
		};
		AB7CC4152434734100D7036E /* Build configuration list for PBXNativeTarget "ELKParallel-masterTests" */ = {
			isa = XCConfigurationList;
			buildConfigurations = (
				AB7CC4162434734100D7036E /* Debug */,
				AB7CC4172434734100D7036E /* Release */,
			);
			defaultConfigurationIsVisible = 0;
			defaultConfigurationName = Release;
		};
		AB7CC4182434734100D7036E /* Build configuration list for PBXNativeTarget "ELKParallel-masterUITests" */ = {
			isa = XCConfigurationList;
			buildConfigurations = (
				AB7CC4192434734100D7036E /* Debug */,
				AB7CC41A2434734100D7036E /* Release */,
			);
			defaultConfigurationIsVisible = 0;
			defaultConfigurationName = Release;
		};
/* End XCConfigurationList section */
	};
	rootObject = AB7CC3DB2434733F00D7036E /* Project object */;
}
